
Microsoft Visual Studio Solution File, Format Version 12.00
# Visual Studio Version 17
VisualStudioVersion = 17.7.34031.279
MinimumVisualStudioVersion = 10.0.40219.1
Project("{FAE04EC0-301F-11D3-BF4B-00C04F79EFBC}") = "WebApi", "WebApi\WebApi.csproj", "{5495677A-FD9B-4795-A009-8DAE343F02DD}"
EndProject
Project("{FAE04EC0-301F-11D3-BF4B-00C04F79EFBC}") = "WebApi.BLayer", "WebApi.BLayer\WebApi.BLayer.csproj", "{1012DBA7-FCBB-4282-A572-C6EECEAD3DB0}"
EndProject
Project("{FAE04EC0-301F-11D3-BF4B-00C04F79EFBC}") = "WebApi.DLayer", "WebApi.DLayer\WebApi.DLayer.csproj", "{AE435B87-72AC-4CA5-85BB-C0AF16918528}"
EndProject
Project("{FAE04EC0-301F-11D3-BF4B-00C04F79EFBC}") = "WebApi.Models", "WebApi.Models\WebApi.Models.csproj", "{C788EFF0-94B6-45E4-A4A5-EDD09D88F0C4}"
EndProject
Project("{FAE04EC0-301F-11D3-BF4B-00C04F79EFBC}") = "WebApi.Utilities", "WebApi.Utilities\WebApi.Utilities.csproj", "{678B50D8-3E6E-42E9-BD68-F0825D12E0F4}"
EndProject
Global
	GlobalSection(SolutionConfigurationPlatforms) = preSolution
		Debug|Any CPU = Debug|Any CPU
		Release|Any CPU = Release|Any CPU
	EndGlobalSection
	GlobalSection(ProjectConfigurationPlatforms) = postSolution
		{5495677A-FD9B-4795-A009-8DAE343F02DD}.Debug|Any CPU.ActiveCfg = Debug|Any CPU
		{5495677A-FD9B-4795-A009-8DAE343F02DD}.Debug|Any CPU.Build.0 = Debug|Any CPU
		{5495677A-FD9B-4795-A009-8DAE343F02DD}.Release|Any CPU.ActiveCfg = Release|Any CPU
		{5495677A-FD9B-4795-A009-8DAE343F02DD}.Release|Any CPU.Build.0 = Release|Any CPU
		{1012DBA7-FCBB-4282-A572-C6EECEAD3DB0}.Debug|Any CPU.ActiveCfg = Debug|Any CPU
		{1012DBA7-FCBB-4282-A572-C6EECEAD3DB0}.Debug|Any CPU.Build.0 = Debug|Any CPU
		{1012DBA7-FCBB-4282-A572-C6EECEAD3DB0}.Release|Any CPU.ActiveCfg = Release|Any CPU
		{1012DBA7-FCBB-4282-A572-C6EECEAD3DB0}.Release|Any CPU.Build.0 = Release|Any CPU
		{AE435B87-72AC-4CA5-85BB-C0AF16918528}.Debug|Any CPU.ActiveCfg = Debug|Any CPU
		{AE435B87-72AC-4CA5-85BB-C0AF16918528}.Debug|Any CPU.Build.0 = Debug|Any CPU
		{AE435B87-72AC-4CA5-85BB-C0AF16918528}.Release|Any CPU.ActiveCfg = Release|Any CPU
		{AE435B87-72AC-4CA5-85BB-C0AF16918528}.Release|Any CPU.Build.0 = Release|Any CPU
		{C788EFF0-94B6-45E4-A4A5-EDD09D88F0C4}.Debug|Any CPU.ActiveCfg = Debug|Any CPU
		{C788EFF0-94B6-45E4-A4A5-EDD09D88F0C4}.Debug|Any CPU.Build.0 = Debug|Any CPU
		{C788EFF0-94B6-45E4-A4A5-EDD09D88F0C4}.Release|Any CPU.ActiveCfg = Release|Any CPU
		{C788EFF0-94B6-45E4-A4A5-EDD09D88F0C4}.Release|Any CPU.Build.0 = Release|Any CPU
		{678B50D8-3E6E-42E9-BD68-F0825D12E0F4}.Debug|Any CPU.ActiveCfg = Debug|Any CPU
		{678B50D8-3E6E-42E9-BD68-F0825D12E0F4}.Debug|Any CPU.Build.0 = Debug|Any CPU
		{678B50D8-3E6E-42E9-BD68-F0825D12E0F4}.Release|Any CPU.ActiveCfg = Release|Any CPU
		{678B50D8-3E6E-42E9-BD68-F0825D12E0F4}.Release|Any CPU.Build.0 = Release|Any CPU
	EndGlobalSection
	GlobalSection(SolutionProperties) = preSolution
		HideSolutionNode = FALSE
	EndGlobalSection
	GlobalSection(ExtensibilityGlobals) = postSolution
		SolutionGuid = {B517AFFF-D8C8-4FBE-9E5F-81ADA1FED10D}
	EndGlobalSection
EndGlobal
